
Microsoft Visual Studio Solution File, Format Version 12.00
# Visual Studio Version 16
VisualStudioVersion = 16.0.30907.101
MinimumVisualStudioVersion = 10.0.40219.1
Project("{E53339B2-1760-4266-BCC7-CA923CBCF16C}") = "docker-compose", "docker-compose.dcproj", "{3841DBD1-BCAD-400A-A6AF-AE041A4DE4A4}"
EndProject
Project("{FAE04EC0-301F-11D3-BF4B-00C04F79EFBC}") = "VNCD_WebAPI", "VNCD_WebAPI\VNCD_WebAPI.csproj", "{C6C4E9A3-4601-4157-A7BC-69EFDE0E3C1C}"
EndProject
Global
	GlobalSection(SolutionConfigurationPlatforms) = preSolution
		Debug|Any CPU = Debug|Any CPU
		Release|Any CPU = Release|Any CPU
	EndGlobalSection
	GlobalSection(ProjectConfigurationPlatforms) = postSolution
		{3841DBD1-BCAD-400A-A6AF-AE041A4DE4A4}.Debug|Any CPU.ActiveCfg = Debug|Any CPU
		{3841DBD1-BCAD-400A-A6AF-AE041A4DE4A4}.Debug|Any CPU.Build.0 = Debug|Any CPU
		{3841DBD1-BCAD-400A-A6AF-AE041A4DE4A4}.Release|Any CPU.ActiveCfg = Release|Any CPU
		{3841DBD1-BCAD-400A-A6AF-AE041A4DE4A4}.Release|Any CPU.Build.0 = Release|Any CPU
		{C6C4E9A3-4601-4157-A7BC-69EFDE0E3C1C}.Debug|Any CPU.ActiveCfg = Debug|Any CPU
		{C6C4E9A3-4601-4157-A7BC-69EFDE0E3C1C}.Debug|Any CPU.Build.0 = Debug|Any CPU
		{C6C4E9A3-4601-4157-A7BC-69EFDE0E3C1C}.Release|Any CPU.ActiveCfg = Release|Any CPU
		{C6C4E9A3-4601-4157-A7BC-69EFDE0E3C1C}.Release|Any CPU.Build.0 = Release|Any CPU
	EndGlobalSection
	GlobalSection(SolutionProperties) = preSolution
		HideSolutionNode = FALSE
	EndGlobalSection
	GlobalSection(ExtensibilityGlobals) = postSolution
		SolutionGuid = {6137256C-EB03-47A9-8DAA-FF55BE32258D}
	EndGlobalSection
EndGlobal
